// !$*UTF8*$!
{
	archiveVersion = 1;
	classes = {
	};
	objectVersion = 56;
	objects = {

/* Begin PBXBuildFile section */
		8EBECA022C256144003DDF07 /* .gitignore in Resources */ = {isa = PBXBuildFile; fileRef = 8EBECA012C256144003DDF07 /* .gitignore */; };
		8EBECA062C26AB44003DDF07 /* TamaBubbleView.swift in Sources */ = {isa = PBXBuildFile; fileRef = 8EBECA052C26AB44003DDF07 /* TamaBubbleView.swift */; };
		8EBECA082C26AE26003DDF07 /* TamaNameLabel.swift in Sources */ = {isa = PBXBuildFile; fileRef = 8EBECA072C26AE26003DDF07 /* TamaNameLabel.swift */; };
		8EDCB84B2C26BD2F006F7851 /* NSDirectionalEdgeInsets+.swift in Sources */ = {isa = PBXBuildFile; fileRef = 8EDCB84A2C26BD2F006F7851 /* NSDirectionalEdgeInsets+.swift */; };
		8EDCB84D2C26C680006F7851 /* Appearance.swift in Sources */ = {isa = PBXBuildFile; fileRef = 8EDCB84C2C26C680006F7851 /* Appearance.swift */; };
		BE3FE2EF2C19EBE700F58754 /* UIKitPreviewHelper.swift in Sources */ = {isa = PBXBuildFile; fileRef = BE3FE2EE2C19EBE700F58754 /* UIKitPreviewHelper.swift */; };
		BE3FE2F12C19EF1800F58754 /* ReuseIdentifiable.swift in Sources */ = {isa = PBXBuildFile; fileRef = BE3FE2F02C19EF1800F58754 /* ReuseIdentifiable.swift */; };
		BE3FE2F32C19F3F800F58754 /* Buildable.swift in Sources */ = {isa = PBXBuildFile; fileRef = BE3FE2F22C19F3F800F58754 /* Buildable.swift */; };
		BE3FE2F62C19F6B600F58754 /* SnapKit in Frameworks */ = {isa = PBXBuildFile; productRef = BE3FE2F52C19F6B600F58754 /* SnapKit */; };
		BE3FE2F92C19FB6700F58754 /* TamaCollectionViewCell.swift in Sources */ = {isa = PBXBuildFile; fileRef = BE3FE2F82C19FB6700F58754 /* TamaCollectionViewCell.swift */; };
		BE47DC8D2C15D55300A802F4 /* AppDelegate.swift in Sources */ = {isa = PBXBuildFile; fileRef = BE47DC8C2C15D55300A802F4 /* AppDelegate.swift */; };
		BE47DC8F2C15D55300A802F4 /* SceneDelegate.swift in Sources */ = {isa = PBXBuildFile; fileRef = BE47DC8E2C15D55300A802F4 /* SceneDelegate.swift */; };
		BE47DC912C15D55300A802F4 /* TamaSelectViewController.swift in Sources */ = {isa = PBXBuildFile; fileRef = BE47DC902C15D55300A802F4 /* TamaSelectViewController.swift */; };
		BE47DC962C15D55500A802F4 /* Assets.xcassets in Resources */ = {isa = PBXBuildFile; fileRef = BE47DC952C15D55500A802F4 /* Assets.xcassets */; };
		BE47DC992C15D55500A802F4 /* Base in Resources */ = {isa = PBXBuildFile; fileRef = BE47DC982C15D55500A802F4 /* Base */; };
		BE47DCA82C15D75E00A802F4 /* UIColor+.swift in Sources */ = {isa = PBXBuildFile; fileRef = BE47DCA72C15D75E00A802F4 /* UIColor+.swift */; };
		BE47DCAA2C15D7D900A802F4 /* UIFont+.swift in Sources */ = {isa = PBXBuildFile; fileRef = BE47DCA92C15D7D900A802F4 /* UIFont+.swift */; };
		BE47DCAC2C15D81600A802F4 /* UIViewController+.swift in Sources */ = {isa = PBXBuildFile; fileRef = BE47DCAB2C15D81600A802F4 /* UIViewController+.swift */; };
		BE47DCAE2C15D83000A802F4 /* UserDefaultsWrapper.swift in Sources */ = {isa = PBXBuildFile; fileRef = BE47DCAD2C15D83000A802F4 /* UserDefaultsWrapper.swift */; };
		BE47DCB02C15D96100A802F4 /* MainViewController.swift in Sources */ = {isa = PBXBuildFile; fileRef = BE47DCAF2C15D96100A802F4 /* MainViewController.swift */; };
		BE47DCB22C15D99900A802F4 /* SettingViewController.swift in Sources */ = {isa = PBXBuildFile; fileRef = BE47DCB12C15D99900A802F4 /* SettingViewController.swift */; };
		BE47DCB42C15D9A500A802F4 /* EditNameViewController.swift in Sources */ = {isa = PBXBuildFile; fileRef = BE47DCB32C15D9A500A802F4 /* EditNameViewController.swift */; };
		BE47DCB62C15DADD00A802F4 /* Tamagotchi.swift in Sources */ = {isa = PBXBuildFile; fileRef = BE47DCB52C15DADD00A802F4 /* Tamagotchi.swift */; };
		BEBFC3B92C242BBD00F35E82 /* BaseViewController.swift in Sources */ = {isa = PBXBuildFile; fileRef = BEBFC3B82C242BBD00F35E82 /* BaseViewController.swift */; };
		BEBFC3BC2C242EFE00F35E82 /* TamaFeedView.swift in Sources */ = {isa = PBXBuildFile; fileRef = BEBFC3BB2C242EFE00F35E82 /* TamaFeedView.swift */; };
		BEBFC3C02C2432F100F35E82 /* CGFloat+.swift in Sources */ = {isa = PBXBuildFile; fileRef = BEBFC3BF2C2432F100F35E82 /* CGFloat+.swift */; };
/* End PBXBuildFile section */

/* Begin PBXFileReference section */
		8EBECA012C256144003DDF07 /* .gitignore */ = {isa = PBXFileReference; lastKnownFileType = text; path = .gitignore; sourceTree = "<group>"; };
		8EBECA052C26AB44003DDF07 /* TamaBubbleView.swift */ = {isa = PBXFileReference; lastKnownFileType = sourcecode.swift; path = TamaBubbleView.swift; sourceTree = "<group>"; };
		8EBECA072C26AE26003DDF07 /* TamaNameLabel.swift */ = {isa = PBXFileReference; lastKnownFileType = sourcecode.swift; path = TamaNameLabel.swift; sourceTree = "<group>"; };
		8EDCB84A2C26BD2F006F7851 /* NSDirectionalEdgeInsets+.swift */ = {isa = PBXFileReference; lastKnownFileType = sourcecode.swift; path = "NSDirectionalEdgeInsets+.swift"; sourceTree = "<group>"; };
		8EDCB84C2C26C680006F7851 /* Appearance.swift */ = {isa = PBXFileReference; lastKnownFileType = sourcecode.swift; path = Appearance.swift; sourceTree = "<group>"; };
		BE3FE2EE2C19EBE700F58754 /* UIKitPreviewHelper.swift */ = {isa = PBXFileReference; lastKnownFileType = sourcecode.swift; path = UIKitPreviewHelper.swift; sourceTree = "<group>"; };
		BE3FE2F02C19EF1800F58754 /* ReuseIdentifiable.swift */ = {isa = PBXFileReference; lastKnownFileType = sourcecode.swift; path = ReuseIdentifiable.swift; sourceTree = "<group>"; };
		BE3FE2F22C19F3F800F58754 /* Buildable.swift */ = {isa = PBXFileReference; lastKnownFileType = sourcecode.swift; path = Buildable.swift; sourceTree = "<group>"; };
		BE3FE2F82C19FB6700F58754 /* TamaCollectionViewCell.swift */ = {isa = PBXFileReference; lastKnownFileType = sourcecode.swift; path = TamaCollectionViewCell.swift; sourceTree = "<group>"; };
		BE47DC892C15D55300A802F4 /* Tamagotchi.app */ = {isa = PBXFileReference; explicitFileType = wrapper.application; includeInIndex = 0; path = Tamagotchi.app; sourceTree = BUILT_PRODUCTS_DIR; };
		BE47DC8C2C15D55300A802F4 /* AppDelegate.swift */ = {isa = PBXFileReference; lastKnownFileType = sourcecode.swift; path = AppDelegate.swift; sourceTree = "<group>"; };
		BE47DC8E2C15D55300A802F4 /* SceneDelegate.swift */ = {isa = PBXFileReference; lastKnownFileType = sourcecode.swift; path = SceneDelegate.swift; sourceTree = "<group>"; };
		BE47DC902C15D55300A802F4 /* TamaSelectViewController.swift */ = {isa = PBXFileReference; lastKnownFileType = sourcecode.swift; path = TamaSelectViewController.swift; sourceTree = "<group>"; };
		BE47DC952C15D55500A802F4 /* Assets.xcassets */ = {isa = PBXFileReference; lastKnownFileType = folder.assetcatalog; path = Assets.xcassets; sourceTree = "<group>"; };
		BE47DC982C15D55500A802F4 /* Base */ = {isa = PBXFileReference; lastKnownFileType = file.storyboard; name = Base; path = Base.lproj/LaunchScreen.storyboard; sourceTree = "<group>"; };
		BE47DC9A2C15D55500A802F4 /* Info.plist */ = {isa = PBXFileReference; lastKnownFileType = text.plist.xml; path = Info.plist; sourceTree = "<group>"; };
		BE47DCA72C15D75E00A802F4 /* UIColor+.swift */ = {isa = PBXFileReference; lastKnownFileType = sourcecode.swift; path = "UIColor+.swift"; sourceTree = "<group>"; };
		BE47DCA92C15D7D900A802F4 /* UIFont+.swift */ = {isa = PBXFileReference; lastKnownFileType = sourcecode.swift; path = "UIFont+.swift"; sourceTree = "<group>"; };
		BE47DCAB2C15D81600A802F4 /* UIViewController+.swift */ = {isa = PBXFileReference; lastKnownFileType = sourcecode.swift; path = "UIViewController+.swift"; sourceTree = "<group>"; };
		BE47DCAD2C15D83000A802F4 /* UserDefaultsWrapper.swift */ = {isa = PBXFileReference; lastKnownFileType = sourcecode.swift; path = UserDefaultsWrapper.swift; sourceTree = "<group>"; };
		BE47DCAF2C15D96100A802F4 /* MainViewController.swift */ = {isa = PBXFileReference; lastKnownFileType = sourcecode.swift; path = MainViewController.swift; sourceTree = "<group>"; };
		BE47DCB12C15D99900A802F4 /* SettingViewController.swift */ = {isa = PBXFileReference; lastKnownFileType = sourcecode.swift; path = SettingViewController.swift; sourceTree = "<group>"; };
		BE47DCB32C15D9A500A802F4 /* EditNameViewController.swift */ = {isa = PBXFileReference; lastKnownFileType = sourcecode.swift; path = EditNameViewController.swift; sourceTree = "<group>"; };
		BE47DCB52C15DADD00A802F4 /* Tamagotchi.swift */ = {isa = PBXFileReference; lastKnownFileType = sourcecode.swift; path = Tamagotchi.swift; sourceTree = "<group>"; };
		BEBFC3B82C242BBD00F35E82 /* BaseViewController.swift */ = {isa = PBXFileReference; lastKnownFileType = sourcecode.swift; path = BaseViewController.swift; sourceTree = "<group>"; };
		BEBFC3BB2C242EFE00F35E82 /* TamaFeedView.swift */ = {isa = PBXFileReference; lastKnownFileType = sourcecode.swift; path = TamaFeedView.swift; sourceTree = "<group>"; };
		BEBFC3BF2C2432F100F35E82 /* CGFloat+.swift */ = {isa = PBXFileReference; lastKnownFileType = sourcecode.swift; path = "CGFloat+.swift"; sourceTree = "<group>"; };
/* End PBXFileReference section */

/* Begin PBXFrameworksBuildPhase section */
		BE47DC862C15D55300A802F4 /* Frameworks */ = {
			isa = PBXFrameworksBuildPhase;
			buildActionMask = 2147483647;
			files = (
				BE3FE2F62C19F6B600F58754 /* SnapKit in Frameworks */,
			);
			runOnlyForDeploymentPostprocessing = 0;
		};
/* End PBXFrameworksBuildPhase section */

/* Begin PBXGroup section */
		BE3FE2F72C19FB5800F58754 /* TamaSelect */ = {
			isa = PBXGroup;
			children = (
				BE47DC902C15D55300A802F4 /* TamaSelectViewController.swift */,
				BE3FE2F82C19FB6700F58754 /* TamaCollectionViewCell.swift */,
			);
			path = TamaSelect;
			sourceTree = "<group>";
		};
		BE47DC802C15D55300A802F4 = {
			isa = PBXGroup;
			children = (
				8EBECA012C256144003DDF07 /* .gitignore */,
				BE47DC8B2C15D55300A802F4 /* Tamagotchi */,
				BE47DC8A2C15D55300A802F4 /* Products */,
			);
			sourceTree = "<group>";
		};
		BE47DC8A2C15D55300A802F4 /* Products */ = {
			isa = PBXGroup;
			children = (
				BE47DC892C15D55300A802F4 /* Tamagotchi.app */,
			);
			name = Products;
			sourceTree = "<group>";
		};
		BE47DC8B2C15D55300A802F4 /* Tamagotchi */ = {
			isa = PBXGroup;
			children = (
				BE47DCA02C15D70100A802F4 /* Sources */,
				BE47DCA12C15D70600A802F4 /* Resources */,
			);
			path = Tamagotchi;
			sourceTree = "<group>";
		};
		BE47DCA02C15D70100A802F4 /* Sources */ = {
			isa = PBXGroup;
			children = (
				BE47DCA52C15D72B00A802F4 /* View */,
				BE47DCA42C15D72900A802F4 /* Model */,
				BE47DCA32C15D72300A802F4 /* Utility */,
				BE47DCA22C15D72100A802F4 /* App */,
			);
			path = Sources;
			sourceTree = "<group>";
		};
		BE47DCA12C15D70600A802F4 /* Resources */ = {
			isa = PBXGroup;
			children = (
				BE47DC952C15D55500A802F4 /* Assets.xcassets */,
				BE47DC972C15D55500A802F4 /* LaunchScreen.storyboard */,
				BE47DC9A2C15D55500A802F4 /* Info.plist */,
			);
			path = Resources;
			sourceTree = "<group>";
		};
		BE47DCA22C15D72100A802F4 /* App */ = {
			isa = PBXGroup;
			children = (
				BE47DC8C2C15D55300A802F4 /* AppDelegate.swift */,
				BE47DC8E2C15D55300A802F4 /* SceneDelegate.swift */,
				8EDCB84C2C26C680006F7851 /* Appearance.swift */,
			);
			path = App;
			sourceTree = "<group>";
		};
		BE47DCA32C15D72300A802F4 /* Utility */ = {
			isa = PBXGroup;
			children = (
				BE47DCAD2C15D83000A802F4 /* UserDefaultsWrapper.swift */,
				BE3FE2F02C19EF1800F58754 /* ReuseIdentifiable.swift */,
				BE3FE2F22C19F3F800F58754 /* Buildable.swift */,
				BE3FE2EE2C19EBE700F58754 /* UIKitPreviewHelper.swift */,
				BE47DCA62C15D75600A802F4 /* Extension */,
			);
			path = Utility;
			sourceTree = "<group>";
		};
		BE47DCA42C15D72900A802F4 /* Model */ = {
			isa = PBXGroup;
			children = (
				BE47DCB52C15DADD00A802F4 /* Tamagotchi.swift */,
			);
			path = Model;
			sourceTree = "<group>";
		};
		BE47DCA52C15D72B00A802F4 /* View */ = {
			isa = PBXGroup;
			children = (
				BE47DCB12C15D99900A802F4 /* SettingViewController.swift */,
				BE47DCB32C15D9A500A802F4 /* EditNameViewController.swift */,
				BEBFC3BA2C242EFA00F35E82 /* Main */,
				BE3FE2F72C19FB5800F58754 /* TamaSelect */,
				BEBFC3B72C242BB500F35E82 /* Common */,
			);
			path = View;
			sourceTree = "<group>";
		};
		BE47DCA62C15D75600A802F4 /* Extension */ = {
			isa = PBXGroup;
			children = (
				BE47DCA72C15D75E00A802F4 /* UIColor+.swift */,
				BE47DCA92C15D7D900A802F4 /* UIFont+.swift */,
				BE47DCAB2C15D81600A802F4 /* UIViewController+.swift */,
				BEBFC3BF2C2432F100F35E82 /* CGFloat+.swift */,
				8EDCB84A2C26BD2F006F7851 /* NSDirectionalEdgeInsets+.swift */,
			);
			path = Extension;
			sourceTree = "<group>";
		};
		BEBFC3B72C242BB500F35E82 /* Common */ = {
			isa = PBXGroup;
			children = (
				BEBFC3B82C242BBD00F35E82 /* BaseViewController.swift */,
			);
			path = Common;
			sourceTree = "<group>";
		};
		BEBFC3BA2C242EFA00F35E82 /* Main */ = {
			isa = PBXGroup;
			children = (
				BE47DCAF2C15D96100A802F4 /* MainViewController.swift */,
				8EBECA072C26AE26003DDF07 /* TamaNameLabel.swift */,
				8EBECA052C26AB44003DDF07 /* TamaBubbleView.swift */,
				BEBFC3BB2C242EFE00F35E82 /* TamaFeedView.swift */,
			);
			path = Main;
			sourceTree = "<group>";
		};
/* End PBXGroup section */

/* Begin PBXNativeTarget section */
		BE47DC882C15D55300A802F4 /* Tamagotchi */ = {
			isa = PBXNativeTarget;
			buildConfigurationList = BE47DC9D2C15D55500A802F4 /* Build configuration list for PBXNativeTarget "Tamagotchi" */;
			buildPhases = (
				BE47DC852C15D55300A802F4 /* Sources */,
				BE47DC862C15D55300A802F4 /* Frameworks */,
				BE47DC872C15D55300A802F4 /* Resources */,
			);
			buildRules = (
			);
			dependencies = (
			);
			name = Tamagotchi;
			packageProductDependencies = (
				BE3FE2F52C19F6B600F58754 /* SnapKit */,
			);
			productName = Tamagotchi;
			productReference = BE47DC892C15D55300A802F4 /* Tamagotchi.app */;
			productType = "com.apple.product-type.application";
		};
/* End PBXNativeTarget section */

/* Begin PBXProject section */
		BE47DC812C15D55300A802F4 /* Project object */ = {
			isa = PBXProject;
			attributes = {
				BuildIndependentTargetsInParallel = 1;
				LastSwiftUpdateCheck = 1540;
				LastUpgradeCheck = 1540;
				TargetAttributes = {
					BE47DC882C15D55300A802F4 = {
						CreatedOnToolsVersion = 15.4;
					};
				};
			};
			buildConfigurationList = BE47DC842C15D55300A802F4 /* Build configuration list for PBXProject "Tamagotchi" */;
			compatibilityVersion = "Xcode 14.0";
			developmentRegion = en;
			hasScannedForEncodings = 0;
			knownRegions = (
				en,
				Base,
			);
			mainGroup = BE47DC802C15D55300A802F4;
			packageReferences = (
				BE3FE2F42C19F6B600F58754 /* XCRemoteSwiftPackageReference "SnapKit" */,
			);
			productRefGroup = BE47DC8A2C15D55300A802F4 /* Products */;
			projectDirPath = "";
			projectRoot = "";
			targets = (
				BE47DC882C15D55300A802F4 /* Tamagotchi */,
			);
		};
/* End PBXProject section */

/* Begin PBXResourcesBuildPhase section */
		BE47DC872C15D55300A802F4 /* Resources */ = {
			isa = PBXResourcesBuildPhase;
			buildActionMask = 2147483647;
			files = (
				BE47DC962C15D55500A802F4 /* Assets.xcassets in Resources */,
				8EBECA022C256144003DDF07 /* .gitignore in Resources */,
				BE47DC992C15D55500A802F4 /* Base in Resources */,
			);
			runOnlyForDeploymentPostprocessing = 0;
		};
/* End PBXResourcesBuildPhase section */

/* Begin PBXSourcesBuildPhase section */
		BE47DC852C15D55300A802F4 /* Sources */ = {
			isa = PBXSourcesBuildPhase;
			buildActionMask = 2147483647;
			files = (
				BE3FE2F32C19F3F800F58754 /* Buildable.swift in Sources */,
				8EBECA062C26AB44003DDF07 /* TamaBubbleView.swift in Sources */,
				BEBFC3BC2C242EFE00F35E82 /* TamaFeedView.swift in Sources */,
				BE47DCAE2C15D83000A802F4 /* UserDefaultsWrapper.swift in Sources */,
				BE47DC912C15D55300A802F4 /* TamaSelectViewController.swift in Sources */,
				BE47DCA82C15D75E00A802F4 /* UIColor+.swift in Sources */,
				BE47DCB62C15DADD00A802F4 /* Tamagotchi.swift in Sources */,
				8EDCB84D2C26C680006F7851 /* Appearance.swift in Sources */,
				BE47DCAC2C15D81600A802F4 /* UIViewController+.swift in Sources */,
				BE47DCAA2C15D7D900A802F4 /* UIFont+.swift in Sources */,
				BE3FE2F12C19EF1800F58754 /* ReuseIdentifiable.swift in Sources */,
				8EBECA082C26AE26003DDF07 /* TamaNameLabel.swift in Sources */,
				BE47DCB22C15D99900A802F4 /* SettingViewController.swift in Sources */,
				BE47DCB02C15D96100A802F4 /* MainViewController.swift in Sources */,
				BEBFC3C02C2432F100F35E82 /* CGFloat+.swift in Sources */,
				8EDCB84B2C26BD2F006F7851 /* NSDirectionalEdgeInsets+.swift in Sources */,
				BE3FE2F92C19FB6700F58754 /* TamaCollectionViewCell.swift in Sources */,
				BE47DC8D2C15D55300A802F4 /* AppDelegate.swift in Sources */,
				BE3FE2EF2C19EBE700F58754 /* UIKitPreviewHelper.swift in Sources */,
				BEBFC3B92C242BBD00F35E82 /* BaseViewController.swift in Sources */,
				BE47DC8F2C15D55300A802F4 /* SceneDelegate.swift in Sources */,
				BE47DCB42C15D9A500A802F4 /* EditNameViewController.swift in Sources */,
			);
			runOnlyForDeploymentPostprocessing = 0;
		};
/* End PBXSourcesBuildPhase section */

/* Begin PBXVariantGroup section */
		BE47DC972C15D55500A802F4 /* LaunchScreen.storyboard */ = {
			isa = PBXVariantGroup;
			children = (
				BE47DC982C15D55500A802F4 /* Base */,
			);
			name = LaunchScreen.storyboard;
			sourceTree = "<group>";
		};
/* End PBXVariantGroup section */

/* Begin XCBuildConfiguration section */
		BE47DC9B2C15D55500A802F4 /* Debug */ = {
			isa = XCBuildConfiguration;
			buildSettings = {
				ALWAYS_SEARCH_USER_PATHS = NO;
				ASSETCATALOG_COMPILER_GENERATE_SWIFT_ASSET_SYMBOL_EXTENSIONS = YES;
				CLANG_ANALYZER_NONNULL = YES;
				CLANG_ANALYZER_NUMBER_OBJECT_CONVERSION = YES_AGGRESSIVE;
				CLANG_CXX_LANGUAGE_STANDARD = "gnu++20";
				CLANG_ENABLE_MODULES = YES;
				CLANG_ENABLE_OBJC_ARC = YES;
				CLANG_ENABLE_OBJC_WEAK = YES;
				CLANG_WARN_BLOCK_CAPTURE_AUTORELEASING = YES;
				CLANG_WARN_BOOL_CONVERSION = YES;
				CLANG_WARN_COMMA = YES;
				CLANG_WARN_CONSTANT_CONVERSION = YES;
				CLANG_WARN_DEPRECATED_OBJC_IMPLEMENTATIONS = YES;
				CLANG_WARN_DIRECT_OBJC_ISA_USAGE = YES_ERROR;
				CLANG_WARN_DOCUMENTATION_COMMENTS = YES;
				CLANG_WARN_EMPTY_BODY = YES;
				CLANG_WARN_ENUM_CONVERSION = YES;
				CLANG_WARN_INFINITE_RECURSION = YES;
				CLANG_WARN_INT_CONVERSION = YES;
				CLANG_WARN_NON_LITERAL_NULL_CONVERSION = YES;
				CLANG_WARN_OBJC_IMPLICIT_RETAIN_SELF = YES;
				CLANG_WARN_OBJC_LITERAL_CONVERSION = YES;
				CLANG_WARN_OBJC_ROOT_CLASS = YES_ERROR;
				CLANG_WARN_QUOTED_INCLUDE_IN_FRAMEWORK_HEADER = YES;
				CLANG_WARN_RANGE_LOOP_ANALYSIS = YES;
				CLANG_WARN_STRICT_PROTOTYPES = YES;
				CLANG_WARN_SUSPICIOUS_MOVE = YES;
				CLANG_WARN_UNGUARDED_AVAILABILITY = YES_AGGRESSIVE;
				CLANG_WARN_UNREACHABLE_CODE = YES;
				CLANG_WARN__DUPLICATE_METHOD_MATCH = YES;
				COPY_PHASE_STRIP = NO;
				DEBUG_INFORMATION_FORMAT = dwarf;
				ENABLE_STRICT_OBJC_MSGSEND = YES;
				ENABLE_TESTABILITY = YES;
				ENABLE_USER_SCRIPT_SANDBOXING = YES;
				GCC_C_LANGUAGE_STANDARD = gnu17;
				GCC_DYNAMIC_NO_PIC = NO;
				GCC_NO_COMMON_BLOCKS = YES;
				GCC_OPTIMIZATION_LEVEL = 0;
				GCC_PREPROCESSOR_DEFINITIONS = (
					"DEBUG=1",
					"$(inherited)",
				);
				GCC_WARN_64_TO_32_BIT_CONVERSION = YES;
				GCC_WARN_ABOUT_RETURN_TYPE = YES_ERROR;
				GCC_WARN_UNDECLARED_SELECTOR = YES;
				GCC_WARN_UNINITIALIZED_AUTOS = YES_AGGRESSIVE;
				GCC_WARN_UNUSED_FUNCTION = YES;
				GCC_WARN_UNUSED_VARIABLE = YES;
				IPHONEOS_DEPLOYMENT_TARGET = 17.5;
				LOCALIZATION_PREFERS_STRING_CATALOGS = YES;
				MTL_ENABLE_DEBUG_INFO = INCLUDE_SOURCE;
				MTL_FAST_MATH = YES;
				ONLY_ACTIVE_ARCH = YES;
				SDKROOT = iphoneos;
				SWIFT_ACTIVE_COMPILATION_CONDITIONS = "DEBUG $(inherited)";
				SWIFT_OPTIMIZATION_LEVEL = "-Onone";
			};
			name = Debug;
		};
		BE47DC9C2C15D55500A802F4 /* Release */ = {
			isa = XCBuildConfiguration;
			buildSettings = {
				ALWAYS_SEARCH_USER_PATHS = NO;
				ASSETCATALOG_COMPILER_GENERATE_SWIFT_ASSET_SYMBOL_EXTENSIONS = YES;
				CLANG_ANALYZER_NONNULL = YES;
				CLANG_ANALYZER_NUMBER_OBJECT_CONVERSION = YES_AGGRESSIVE;
				CLANG_CXX_LANGUAGE_STANDARD = "gnu++20";
				CLANG_ENABLE_MODULES = YES;
				CLANG_ENABLE_OBJC_ARC = YES;
				CLANG_ENABLE_OBJC_WEAK = YES;
				CLANG_WARN_BLOCK_CAPTURE_AUTORELEASING = YES;
				CLANG_WARN_BOOL_CONVERSION = YES;
				CLANG_WARN_COMMA = YES;
				CLANG_WARN_CONSTANT_CONVERSION = YES;
				CLANG_WARN_DEPRECATED_OBJC_IMPLEMENTATIONS = YES;
				CLANG_WARN_DIRECT_OBJC_ISA_USAGE = YES_ERROR;
				CLANG_WARN_DOCUMENTATION_COMMENTS = YES;
				CLANG_WARN_EMPTY_BODY = YES;
				CLANG_WARN_ENUM_CONVERSION = YES;
				CLANG_WARN_INFINITE_RECURSION = YES;
				CLANG_WARN_INT_CONVERSION = YES;
				CLANG_WARN_NON_LITERAL_NULL_CONVERSION = YES;
				CLANG_WARN_OBJC_IMPLICIT_RETAIN_SELF = YES;
				CLANG_WARN_OBJC_LITERAL_CONVERSION = YES;
				CLANG_WARN_OBJC_ROOT_CLASS = YES_ERROR;
				CLANG_WARN_QUOTED_INCLUDE_IN_FRAMEWORK_HEADER = YES;
				CLANG_WARN_RANGE_LOOP_ANALYSIS = YES;
				CLANG_WARN_STRICT_PROTOTYPES = YES;
				CLANG_WARN_SUSPICIOUS_MOVE = YES;
				CLANG_WARN_UNGUARDED_AVAILABILITY = YES_AGGRESSIVE;
				CLANG_WARN_UNREACHABLE_CODE = YES;
				CLANG_WARN__DUPLICATE_METHOD_MATCH = YES;
				COPY_PHASE_STRIP = NO;
				DEBUG_INFORMATION_FORMAT = "dwarf-with-dsym";
				ENABLE_NS_ASSERTIONS = NO;
				ENABLE_STRICT_OBJC_MSGSEND = YES;
				ENABLE_USER_SCRIPT_SANDBOXING = YES;
				GCC_C_LANGUAGE_STANDARD = gnu17;
				GCC_NO_COMMON_BLOCKS = YES;
				GCC_WARN_64_TO_32_BIT_CONVERSION = YES;
				GCC_WARN_ABOUT_RETURN_TYPE = YES_ERROR;
				GCC_WARN_UNDECLARED_SELECTOR = YES;
				GCC_WARN_UNINITIALIZED_AUTOS = YES_AGGRESSIVE;
				GCC_WARN_UNUSED_FUNCTION = YES;
				GCC_WARN_UNUSED_VARIABLE = YES;
				IPHONEOS_DEPLOYMENT_TARGET = 17.5;
				LOCALIZATION_PREFERS_STRING_CATALOGS = YES;
				MTL_ENABLE_DEBUG_INFO = NO;
				MTL_FAST_MATH = YES;
				SDKROOT = iphoneos;
				SWIFT_COMPILATION_MODE = wholemodule;
				VALIDATE_PRODUCT = YES;
			};
			name = Release;
		};
		BE47DC9E2C15D55500A802F4 /* Debug */ = {
			isa = XCBuildConfiguration;
			buildSettings = {
				ASSETCATALOG_COMPILER_APPICON_NAME = AppIcon;
				ASSETCATALOG_COMPILER_GLOBAL_ACCENT_COLOR_NAME = AccentColor;
				CODE_SIGN_STYLE = Automatic;
				CURRENT_PROJECT_VERSION = 1;
				DEVELOPMENT_TEAM = ASU4PNB5MG;
				GENERATE_INFOPLIST_FILE = YES;
				INFOPLIST_FILE = Tamagotchi/Resources/Info.plist;
				INFOPLIST_KEY_UIApplicationSupportsIndirectInputEvents = YES;
				INFOPLIST_KEY_UILaunchStoryboardName = LaunchScreen;
				INFOPLIST_KEY_UISupportedInterfaceOrientations = UIInterfaceOrientationPortrait;
				INFOPLIST_KEY_UISupportedInterfaceOrientations_iPad = "UIInterfaceOrientationLandscapeLeft UIInterfaceOrientationLandscapeRight UIInterfaceOrientationPortrait UIInterfaceOrientationPortraitUpsideDown";
				IPHONEOS_DEPLOYMENT_TARGET = 15.0;
				LD_RUNPATH_SEARCH_PATHS = (
					"$(inherited)",
					"@executable_path/Frameworks",
				);
				MARKETING_VERSION = 1.0;
				PRODUCT_BUNDLE_IDENTIFIER = com.geonseobkim.Tamagotchi;
				PRODUCT_NAME = "$(TARGET_NAME)";
				SUPPORTED_PLATFORMS = "iphoneos iphonesimulator";
				SUPPORTS_MACCATALYST = NO;
				SUPPORTS_MAC_DESIGNED_FOR_IPHONE_IPAD = NO;
				SUPPORTS_XR_DESIGNED_FOR_IPHONE_IPAD = NO;
				SWIFT_EMIT_LOC_STRINGS = YES;
				SWIFT_VERSION = 5.0;
				TARGETED_DEVICE_FAMILY = 1;
			};
			name = Debug;
		};
		BE47DC9F2C15D55500A802F4 /* Release */ = {
			isa = XCBuildConfiguration;
			buildSettings = {
				ASSETCATALOG_COMPILER_APPICON_NAME = AppIcon;
				ASSETCATALOG_COMPILER_GLOBAL_ACCENT_COLOR_NAME = AccentColor;
				CODE_SIGN_STYLE = Automatic;
				CURRENT_PROJECT_VERSION = 1;
				DEVELOPMENT_TEAM = ASU4PNB5MG;
				GENERATE_INFOPLIST_FILE = YES;
				INFOPLIST_FILE = Tamagotchi/Resources/Info.plist;
				INFOPLIST_KEY_UIApplicationSupportsIndirectInputEvents = YES;
				INFOPLIST_KEY_UILaunchStoryboardName = LaunchScreen;
				INFOPLIST_KEY_UISupportedInterfaceOrientations = UIInterfaceOrientationPortrait;
				INFOPLIST_KEY_UISupportedInterfaceOrientations_iPad = "UIInterfaceOrientationLandscapeLeft UIInterfaceOrientationLandscapeRight UIInterfaceOrientationPortrait UIInterfaceOrientationPortraitUpsideDown";
				IPHONEOS_DEPLOYMENT_TARGET = 15.0;
				LD_RUNPATH_SEARCH_PATHS = (
					"$(inherited)",
					"@executable_path/Frameworks",
				);
				MARKETING_VERSION = 1.0;
				PRODUCT_BUNDLE_IDENTIFIER = com.geonseobkim.Tamagotchi;
				PRODUCT_NAME = "$(TARGET_NAME)";
				SUPPORTED_PLATFORMS = "iphoneos iphonesimulator";
				SUPPORTS_MACCATALYST = NO;
				SUPPORTS_MAC_DESIGNED_FOR_IPHONE_IPAD = NO;
				SUPPORTS_XR_DESIGNED_FOR_IPHONE_IPAD = NO;
				SWIFT_EMIT_LOC_STRINGS = YES;
				SWIFT_VERSION = 5.0;
				TARGETED_DEVICE_FAMILY = 1;
			};
			name = Release;
		};
/* End XCBuildConfiguration section */

/* Begin XCConfigurationList section */
		BE47DC842C15D55300A802F4 /* Build configuration list for PBXProject "Tamagotchi" */ = {
			isa = XCConfigurationList;
			buildConfigurations = (
				BE47DC9B2C15D55500A802F4 /* Debug */,
				BE47DC9C2C15D55500A802F4 /* Release */,
			);
			defaultConfigurationIsVisible = 0;
			defaultConfigurationName = Release;
		};
		BE47DC9D2C15D55500A802F4 /* Build configuration list for PBXNativeTarget "Tamagotchi" */ = {
			isa = XCConfigurationList;
			buildConfigurations = (
				BE47DC9E2C15D55500A802F4 /* Debug */,
				BE47DC9F2C15D55500A802F4 /* Release */,
			);
			defaultConfigurationIsVisible = 0;
			defaultConfigurationName = Release;
		};
/* End XCConfigurationList section */

/* Begin XCRemoteSwiftPackageReference section */
		BE3FE2F42C19F6B600F58754 /* XCRemoteSwiftPackageReference "SnapKit" */ = {
			isa = XCRemoteSwiftPackageReference;
			repositoryURL = "https://github.com/SnapKit/SnapKit.git";
			requirement = {
				kind = upToNextMajorVersion;
				minimumVersion = 5.7.1;
			};
		};
/* End XCRemoteSwiftPackageReference section */

/* Begin XCSwiftPackageProductDependency section */
		BE3FE2F52C19F6B600F58754 /* SnapKit */ = {
			isa = XCSwiftPackageProductDependency;
			package = BE3FE2F42C19F6B600F58754 /* XCRemoteSwiftPackageReference "SnapKit" */;
			productName = SnapKit;
		};
/* End XCSwiftPackageProductDependency section */
	};
	rootObject = BE47DC812C15D55300A802F4 /* Project object */;
}
